# This file is automatically @generated by Cargo.
# It is not intended for manual editing.
version = 3

[[package]]
name = "events"
version = "0.1.0"

[[package]]
name = "ferrumc"
version = "0.1.0"

[[package]]
name = "ferrumc-core"
version = "0.1.0"

[[package]]
name = "ferrumc-ecs"
version = "0.1.0"

[[package]]
name = "ferrumc-encryption"
version = "0.1.0"

[[package]]
name = "ferrumc-net"
version = "0.1.0"

[[package]]
name = "ferrumc-plugins"
version = "0.1.0"

[[package]]
name = "ferrumc-storage"
version = "0.1.0"

[[package]]
name = "ferrumc-utils"
version = "0.1.0"

[[package]]
name = "ferrumc-world"
version = "0.1.0"
